// !$*UTF8*$!
{
	archiveVersion = 1;
	classes = {
	};
	objectVersion = 46;
	objects = {

/* Begin PBXBuildFile section */
		48D85C391F434A390026C842 /* AppDelegate.swift in Sources */ = {isa = PBXBuildFile; fileRef = 48D85C381F434A390026C842 /* AppDelegate.swift */; };
		48D85C3B1F434A390026C842 /* ViewController.swift in Sources */ = {isa = PBXBuildFile; fileRef = 48D85C3A1F434A390026C842 /* ViewController.swift */; };
		48D85C3E1F434A390026C842 /* Main.storyboard in Resources */ = {isa = PBXBuildFile; fileRef = 48D85C3C1F434A390026C842 /* Main.storyboard */; };
		48D85C401F434A390026C842 /* Assets.xcassets in Resources */ = {isa = PBXBuildFile; fileRef = 48D85C3F1F434A390026C842 /* Assets.xcassets */; };
		48D85C431F434A390026C842 /* LaunchScreen.storyboard in Resources */ = {isa = PBXBuildFile; fileRef = 48D85C411F434A390026C842 /* LaunchScreen.storyboard */; };
		48D85C4E1F434A390026C842 /* MadHat2Tests.swift in Sources */ = {isa = PBXBuildFile; fileRef = 48D85C4D1F434A390026C842 /* MadHat2Tests.swift */; };
		48D85C591F434A390026C842 /* MadHat2UITests.swift in Sources */ = {isa = PBXBuildFile; fileRef = 48D85C581F434A390026C842 /* MadHat2UITests.swift */; };
		48D85C691F434A610026C842 /* empty.cpp in Sources */ = {isa = PBXBuildFile; fileRef = 48D85C671F434A610026C842 /* empty.cpp */; };
		48D85C6B1F434BD80026C842 /* libstdc++.6.tbd in Frameworks */ = {isa = PBXBuildFile; fileRef = 48D85C6A1F434BD80026C842 /* libstdc++.6.tbd */; };
		48D85C701F434C420026C842 /* MobileVLCKit.framework in Frameworks */ = {isa = PBXBuildFile; fileRef = 48D85C6F1F434C420026C842 /* MobileVLCKit.framework */; };
		48D85C711F434C420026C842 /* MobileVLCKit.framework in Frameworks */ = {isa = PBXBuildFile; fileRef = 48D85C6F1F434C420026C842 /* MobileVLCKit.framework */; };
		48D85C721F434C420026C842 /* MobileVLCKit.framework in Frameworks */ = {isa = PBXBuildFile; fileRef = 48D85C6F1F434C420026C842 /* MobileVLCKit.framework */; };
		48D85C751F43575E0026C842 /* madHat.jpeg in Resources */ = {isa = PBXBuildFile; fileRef = 48D85C741F43575E0026C842 /* madHat.jpeg */; };
		48D85C761F43575E0026C842 /* madHat.jpeg in Resources */ = {isa = PBXBuildFile; fileRef = 48D85C741F43575E0026C842 /* madHat.jpeg */; };
		48D85C771F43575E0026C842 /* madHat.jpeg in Resources */ = {isa = PBXBuildFile; fileRef = 48D85C741F43575E0026C842 /* madHat.jpeg */; };
		494E1A46E5453CDAC728C509 /* Pods_MadHat2UITests.framework in Frameworks */ = {isa = PBXBuildFile; fileRef = 115D3D2209B0DABEB317D45B /* Pods_MadHat2UITests.framework */; };
		D75D496F706874FFA5A49D1D /* Pods_MadHat2.framework in Frameworks */ = {isa = PBXBuildFile; fileRef = 159B522EBCC7FA17FDF0910F /* Pods_MadHat2.framework */; };
		F6DF68F9824B3230CE54E60C /* Pods_MadHat2Tests.framework in Frameworks */ = {isa = PBXBuildFile; fileRef = 76F9B989FC681F20B4B3C905 /* Pods_MadHat2Tests.framework */; };
/* End PBXBuildFile section */

/* Begin PBXContainerItemProxy section */
		48D85C4A1F434A390026C842 /* PBXContainerItemProxy */ = {
			isa = PBXContainerItemProxy;
			containerPortal = 48D85C2D1F434A390026C842 /* Project object */;
			proxyType = 1;
			remoteGlobalIDString = 48D85C341F434A390026C842;
			remoteInfo = MadHat2;
		};
		48D85C551F434A390026C842 /* PBXContainerItemProxy */ = {
			isa = PBXContainerItemProxy;
			containerPortal = 48D85C2D1F434A390026C842 /* Project object */;
			proxyType = 1;
			remoteGlobalIDString = 48D85C341F434A390026C842;
			remoteInfo = MadHat2;
		};
/* End PBXContainerItemProxy section */

/* Begin PBXFileReference section */
		02F38B32F2EE2C9651AA70E8 /* Pods-MadHat2Tests.debug.xcconfig */ = {isa = PBXFileReference; includeInIndex = 1; lastKnownFileType = text.xcconfig; name = "Pods-MadHat2Tests.debug.xcconfig"; path = "Pods/Target Support Files/Pods-MadHat2Tests/Pods-MadHat2Tests.debug.xcconfig"; sourceTree = "<group>"; };
		115D3D2209B0DABEB317D45B /* Pods_MadHat2UITests.framework */ = {isa = PBXFileReference; explicitFileType = wrapper.framework; includeInIndex = 0; path = Pods_MadHat2UITests.framework; sourceTree = BUILT_PRODUCTS_DIR; };
		159B522EBCC7FA17FDF0910F /* Pods_MadHat2.framework */ = {isa = PBXFileReference; explicitFileType = wrapper.framework; includeInIndex = 0; path = Pods_MadHat2.framework; sourceTree = BUILT_PRODUCTS_DIR; };
		1F2AC33F7F342FB429E1E3D8 /* Pods-MadHat2UITests.debug.xcconfig */ = {isa = PBXFileReference; includeInIndex = 1; lastKnownFileType = text.xcconfig; name = "Pods-MadHat2UITests.debug.xcconfig"; path = "Pods/Target Support Files/Pods-MadHat2UITests/Pods-MadHat2UITests.debug.xcconfig"; sourceTree = "<group>"; };
		4502A14A3A9501F4D4862238 /* Pods-MadHat2.debug.xcconfig */ = {isa = PBXFileReference; includeInIndex = 1; lastKnownFileType = text.xcconfig; name = "Pods-MadHat2.debug.xcconfig"; path = "Pods/Target Support Files/Pods-MadHat2/Pods-MadHat2.debug.xcconfig"; sourceTree = "<group>"; };
		48D85C351F434A390026C842 /* MadHat2.app */ = {isa = PBXFileReference; explicitFileType = wrapper.application; includeInIndex = 0; path = MadHat2.app; sourceTree = BUILT_PRODUCTS_DIR; };
		48D85C381F434A390026C842 /* AppDelegate.swift */ = {isa = PBXFileReference; lastKnownFileType = sourcecode.swift; path = AppDelegate.swift; sourceTree = "<group>"; };
		48D85C3A1F434A390026C842 /* ViewController.swift */ = {isa = PBXFileReference; lastKnownFileType = sourcecode.swift; path = ViewController.swift; sourceTree = "<group>"; };
		48D85C3D1F434A390026C842 /* Base */ = {isa = PBXFileReference; lastKnownFileType = file.storyboard; name = Base; path = Base.lproj/Main.storyboard; sourceTree = "<group>"; };
		48D85C3F1F434A390026C842 /* Assets.xcassets */ = {isa = PBXFileReference; lastKnownFileType = folder.assetcatalog; path = Assets.xcassets; sourceTree = "<group>"; };
		48D85C421F434A390026C842 /* Base */ = {isa = PBXFileReference; lastKnownFileType = file.storyboard; name = Base; path = Base.lproj/LaunchScreen.storyboard; sourceTree = "<group>"; };
		48D85C441F434A390026C842 /* Info.plist */ = {isa = PBXFileReference; lastKnownFileType = text.plist.xml; path = Info.plist; sourceTree = "<group>"; };
		48D85C491F434A390026C842 /* MadHat2Tests.xctest */ = {isa = PBXFileReference; explicitFileType = wrapper.cfbundle; includeInIndex = 0; path = MadHat2Tests.xctest; sourceTree = BUILT_PRODUCTS_DIR; };
		48D85C4D1F434A390026C842 /* MadHat2Tests.swift */ = {isa = PBXFileReference; lastKnownFileType = sourcecode.swift; path = MadHat2Tests.swift; sourceTree = "<group>"; };
		48D85C4F1F434A390026C842 /* Info.plist */ = {isa = PBXFileReference; lastKnownFileType = text.plist.xml; path = Info.plist; sourceTree = "<group>"; };
		48D85C541F434A390026C842 /* MadHat2UITests.xctest */ = {isa = PBXFileReference; explicitFileType = wrapper.cfbundle; includeInIndex = 0; path = MadHat2UITests.xctest; sourceTree = BUILT_PRODUCTS_DIR; };
		48D85C581F434A390026C842 /* MadHat2UITests.swift */ = {isa = PBXFileReference; lastKnownFileType = sourcecode.swift; path = MadHat2UITests.swift; sourceTree = "<group>"; };
		48D85C5A1F434A390026C842 /* Info.plist */ = {isa = PBXFileReference; lastKnownFileType = text.plist.xml; path = Info.plist; sourceTree = "<group>"; };
		48D85C661F434A610026C842 /* MadHat2-Bridging-Header.h */ = {isa = PBXFileReference; lastKnownFileType = sourcecode.c.h; path = "MadHat2-Bridging-Header.h"; sourceTree = "<group>"; };
		48D85C671F434A610026C842 /* empty.cpp */ = {isa = PBXFileReference; fileEncoding = 4; lastKnownFileType = sourcecode.cpp.cpp; path = empty.cpp; sourceTree = "<group>"; };
		48D85C681F434A610026C842 /* empty.hpp */ = {isa = PBXFileReference; fileEncoding = 4; lastKnownFileType = sourcecode.cpp.h; path = empty.hpp; sourceTree = "<group>"; };
		48D85C6A1F434BD80026C842 /* libstdc++.6.tbd */ = {isa = PBXFileReference; lastKnownFileType = "sourcecode.text-based-dylib-definition"; name = "libstdc++.6.tbd"; path = "usr/lib/libstdc++.6.tbd"; sourceTree = SDKROOT; };
		48D85C6F1F434C420026C842 /* MobileVLCKit.framework */ = {isa = PBXFileReference; lastKnownFileType = wrapper.framework; path = MobileVLCKit.framework; sourceTree = "<group>"; };
		48D85C741F43575E0026C842 /* madHat.jpeg */ = {isa = PBXFileReference; lastKnownFileType = image.jpeg; name = madHat.jpeg; path = ../madHat.jpeg; sourceTree = "<group>"; };
		54F6674063C70A06624DAD89 /* Pods-MadHat2.release.xcconfig */ = {isa = PBXFileReference; includeInIndex = 1; lastKnownFileType = text.xcconfig; name = "Pods-MadHat2.release.xcconfig"; path = "Pods/Target Support Files/Pods-MadHat2/Pods-MadHat2.release.xcconfig"; sourceTree = "<group>"; };
		76F9B989FC681F20B4B3C905 /* Pods_MadHat2Tests.framework */ = {isa = PBXFileReference; explicitFileType = wrapper.framework; includeInIndex = 0; path = Pods_MadHat2Tests.framework; sourceTree = BUILT_PRODUCTS_DIR; };
		C97603838C5C8733DA3B1FE1 /* Pods-MadHat2UITests.release.xcconfig */ = {isa = PBXFileReference; includeInIndex = 1; lastKnownFileType = text.xcconfig; name = "Pods-MadHat2UITests.release.xcconfig"; path = "Pods/Target Support Files/Pods-MadHat2UITests/Pods-MadHat2UITests.release.xcconfig"; sourceTree = "<group>"; };
		F1F286EB4257E21B56A4DE3D /* Pods-MadHat2Tests.release.xcconfig */ = {isa = PBXFileReference; includeInIndex = 1; lastKnownFileType = text.xcconfig; name = "Pods-MadHat2Tests.release.xcconfig"; path = "Pods/Target Support Files/Pods-MadHat2Tests/Pods-MadHat2Tests.release.xcconfig"; sourceTree = "<group>"; };
/* End PBXFileReference section */

/* Begin PBXFrameworksBuildPhase section */
		48D85C321F434A390026C842 /* Frameworks */ = {
			isa = PBXFrameworksBuildPhase;
			buildActionMask = 2147483647;
			files = (
				48D85C6B1F434BD80026C842 /* libstdc++.6.tbd in Frameworks */,
				48D85C701F434C420026C842 /* MobileVLCKit.framework in Frameworks */,
				D75D496F706874FFA5A49D1D /* Pods_MadHat2.framework in Frameworks */,
			);
			runOnlyForDeploymentPostprocessing = 0;
		};
		48D85C461F434A390026C842 /* Frameworks */ = {
			isa = PBXFrameworksBuildPhase;
			buildActionMask = 2147483647;
			files = (
				F6DF68F9824B3230CE54E60C /* Pods_MadHat2Tests.framework in Frameworks */,
				48D85C711F434C420026C842 /* MobileVLCKit.framework in Frameworks */,
			);
			runOnlyForDeploymentPostprocessing = 0;
		};
		48D85C511F434A390026C842 /* Frameworks */ = {
			isa = PBXFrameworksBuildPhase;
			buildActionMask = 2147483647;
			files = (
				494E1A46E5453CDAC728C509 /* Pods_MadHat2UITests.framework in Frameworks */,
				48D85C721F434C420026C842 /* MobileVLCKit.framework in Frameworks */,
			);
			runOnlyForDeploymentPostprocessing = 0;
		};
/* End PBXFrameworksBuildPhase section */

/* Begin PBXGroup section */
		33CC614ACA3F978596F913E7 /* Pods */ = {
			isa = PBXGroup;
			children = (
				4502A14A3A9501F4D4862238 /* Pods-MadHat2.debug.xcconfig */,
				54F6674063C70A06624DAD89 /* Pods-MadHat2.release.xcconfig */,
				02F38B32F2EE2C9651AA70E8 /* Pods-MadHat2Tests.debug.xcconfig */,
				F1F286EB4257E21B56A4DE3D /* Pods-MadHat2Tests.release.xcconfig */,
				1F2AC33F7F342FB429E1E3D8 /* Pods-MadHat2UITests.debug.xcconfig */,
				C97603838C5C8733DA3B1FE1 /* Pods-MadHat2UITests.release.xcconfig */,
			);
			name = Pods;
			sourceTree = "<group>";
		};
		48D85C2C1F434A390026C842 = {
			isa = PBXGroup;
			children = (
				48D85C371F434A390026C842 /* MadHat2 */,
				48D85C4C1F434A390026C842 /* MadHat2Tests */,
				48D85C571F434A390026C842 /* MadHat2UITests */,
				48D85C361F434A390026C842 /* Products */,
				33CC614ACA3F978596F913E7 /* Pods */,
				FC0CC408A5E277C13DD82C45 /* Frameworks */,
			);
			sourceTree = "<group>";
		};
		48D85C361F434A390026C842 /* Products */ = {
			isa = PBXGroup;
			children = (
				48D85C351F434A390026C842 /* MadHat2.app */,
				48D85C491F434A390026C842 /* MadHat2Tests.xctest */,
				48D85C541F434A390026C842 /* MadHat2UITests.xctest */,
			);
			name = Products;
			sourceTree = "<group>";
		};
		48D85C371F434A390026C842 /* MadHat2 */ = {
			isa = PBXGroup;
			children = (
				48D85C781F4357D70026C842 /* images */,
				48D85C381F434A390026C842 /* AppDelegate.swift */,
				48D85C3A1F434A390026C842 /* ViewController.swift */,
				48D85C3C1F434A390026C842 /* Main.storyboard */,
				48D85C3F1F434A390026C842 /* Assets.xcassets */,
				48D85C411F434A390026C842 /* LaunchScreen.storyboard */,
				48D85C441F434A390026C842 /* Info.plist */,
				48D85C671F434A610026C842 /* empty.cpp */,
				48D85C681F434A610026C842 /* empty.hpp */,
				48D85C661F434A610026C842 /* MadHat2-Bridging-Header.h */,
			);
			path = MadHat2;
			sourceTree = "<group>";
		};
		48D85C4C1F434A390026C842 /* MadHat2Tests */ = {
			isa = PBXGroup;
			children = (
				48D85C4D1F434A390026C842 /* MadHat2Tests.swift */,
				48D85C4F1F434A390026C842 /* Info.plist */,
			);
			path = MadHat2Tests;
			sourceTree = "<group>";
		};
		48D85C571F434A390026C842 /* MadHat2UITests */ = {
			isa = PBXGroup;
			children = (
				48D85C581F434A390026C842 /* MadHat2UITests.swift */,
				48D85C5A1F434A390026C842 /* Info.plist */,
			);
			path = MadHat2UITests;
			sourceTree = "<group>";
		};
		48D85C781F4357D70026C842 /* images */ = {
			isa = PBXGroup;
			children = (
				48D85C741F43575E0026C842 /* madHat.jpeg */,
			);
			name = images;
			sourceTree = "<group>";
		};
		FC0CC408A5E277C13DD82C45 /* Frameworks */ = {
			isa = PBXGroup;
			children = (
				48D85C6F1F434C420026C842 /* MobileVLCKit.framework */,
				48D85C6A1F434BD80026C842 /* libstdc++.6.tbd */,
				159B522EBCC7FA17FDF0910F /* Pods_MadHat2.framework */,
				76F9B989FC681F20B4B3C905 /* Pods_MadHat2Tests.framework */,
				115D3D2209B0DABEB317D45B /* Pods_MadHat2UITests.framework */,
			);
			name = Frameworks;
			sourceTree = "<group>";
		};
/* End PBXGroup section */

/* Begin PBXNativeTarget section */
		48D85C341F434A390026C842 /* MadHat2 */ = {
			isa = PBXNativeTarget;
			buildConfigurationList = 48D85C5D1F434A390026C842 /* Build configuration list for PBXNativeTarget "MadHat2" */;
			buildPhases = (
				9181CD95BC18A7DD89B29016 /* [CP] Check Pods Manifest.lock */,
				48D85C311F434A390026C842 /* Sources */,
				48D85C321F434A390026C842 /* Frameworks */,
				48D85C331F434A390026C842 /* Resources */,
				CA4E7A65D102023F30B49473 /* [CP] Embed Pods Frameworks */,
				E8A7E761B8BA5E79577AFC64 /* [CP] Copy Pods Resources */,
			);
			buildRules = (
			);
			dependencies = (
			);
			name = MadHat2;
			productName = MadHat2;
			productReference = 48D85C351F434A390026C842 /* MadHat2.app */;
			productType = "com.apple.product-type.application";
		};
		48D85C481F434A390026C842 /* MadHat2Tests */ = {
			isa = PBXNativeTarget;
			buildConfigurationList = 48D85C601F434A390026C842 /* Build configuration list for PBXNativeTarget "MadHat2Tests" */;
			buildPhases = (
				8FD25845B765858CFD8D98B3 /* [CP] Check Pods Manifest.lock */,
				48D85C451F434A390026C842 /* Sources */,
				48D85C461F434A390026C842 /* Frameworks */,
				48D85C471F434A390026C842 /* Resources */,
				AB9D06A66A2981DB3F74A86E /* [CP] Embed Pods Frameworks */,
				6D2FC5051EF3963FD7E6FA13 /* [CP] Copy Pods Resources */,
			);
			buildRules = (
			);
			dependencies = (
				48D85C4B1F434A390026C842 /* PBXTargetDependency */,
			);
			name = MadHat2Tests;
			productName = MadHat2Tests;
			productReference = 48D85C491F434A390026C842 /* MadHat2Tests.xctest */;
			productType = "com.apple.product-type.bundle.unit-test";
		};
		48D85C531F434A390026C842 /* MadHat2UITests */ = {
			isa = PBXNativeTarget;
			buildConfigurationList = 48D85C631F434A390026C842 /* Build configuration list for PBXNativeTarget "MadHat2UITests" */;
			buildPhases = (
				E6632DC4BAD822FEDCC4E5B0 /* [CP] Check Pods Manifest.lock */,
				48D85C501F434A390026C842 /* Sources */,
				48D85C511F434A390026C842 /* Frameworks */,
				48D85C521F434A390026C842 /* Resources */,
				E41CFEE1D053C5204EC10721 /* [CP] Embed Pods Frameworks */,
				1ACC9DB8FAF2A71B549B3449 /* [CP] Copy Pods Resources */,
			);
			buildRules = (
			);
			dependencies = (
				48D85C561F434A390026C842 /* PBXTargetDependency */,
			);
			name = MadHat2UITests;
			productName = MadHat2UITests;
			productReference = 48D85C541F434A390026C842 /* MadHat2UITests.xctest */;
			productType = "com.apple.product-type.bundle.ui-testing";
		};
/* End PBXNativeTarget section */

/* Begin PBXProject section */
		48D85C2D1F434A390026C842 /* Project object */ = {
			isa = PBXProject;
			attributes = {
				LastSwiftUpdateCheck = 0830;
				LastUpgradeCheck = 0830;
				ORGANIZATIONNAME = "Prashanth Kothapalli";
				TargetAttributes = {
					48D85C341F434A390026C842 = {
						CreatedOnToolsVersion = 8.3.3;
						DevelopmentTeam = V6XE5WXY2U;
						LastSwiftMigration = 0830;
						ProvisioningStyle = Automatic;
					};
					48D85C481F434A390026C842 = {
						CreatedOnToolsVersion = 8.3.3;
						DevelopmentTeam = V6XE5WXY2U;
						ProvisioningStyle = Automatic;
						TestTargetID = 48D85C341F434A390026C842;
					};
					48D85C531F434A390026C842 = {
						CreatedOnToolsVersion = 8.3.3;
						DevelopmentTeam = V6XE5WXY2U;
						ProvisioningStyle = Automatic;
						TestTargetID = 48D85C341F434A390026C842;
					};
				};
			};
			buildConfigurationList = 48D85C301F434A390026C842 /* Build configuration list for PBXProject "MadHat2" */;
			compatibilityVersion = "Xcode 3.2";
			developmentRegion = English;
			hasScannedForEncodings = 0;
			knownRegions = (
				en,
				Base,
			);
			mainGroup = 48D85C2C1F434A390026C842;
			productRefGroup = 48D85C361F434A390026C842 /* Products */;
			projectDirPath = "";
			projectRoot = "";
			targets = (
				48D85C341F434A390026C842 /* MadHat2 */,
				48D85C481F434A390026C842 /* MadHat2Tests */,
				48D85C531F434A390026C842 /* MadHat2UITests */,
			);
		};
/* End PBXProject section */

/* Begin PBXResourcesBuildPhase section */
		48D85C331F434A390026C842 /* Resources */ = {
			isa = PBXResourcesBuildPhase;
			buildActionMask = 2147483647;
			files = (
				48D85C431F434A390026C842 /* LaunchScreen.storyboard in Resources */,
				48D85C401F434A390026C842 /* Assets.xcassets in Resources */,
				48D85C751F43575E0026C842 /* madHat.jpeg in Resources */,
				48D85C3E1F434A390026C842 /* Main.storyboard in Resources */,
			);
			runOnlyForDeploymentPostprocessing = 0;
		};
		48D85C471F434A390026C842 /* Resources */ = {
			isa = PBXResourcesBuildPhase;
			buildActionMask = 2147483647;
			files = (
				48D85C761F43575E0026C842 /* madHat.jpeg in Resources */,
			);
			runOnlyForDeploymentPostprocessing = 0;
		};
		48D85C521F434A390026C842 /* Resources */ = {
			isa = PBXResourcesBuildPhase;
			buildActionMask = 2147483647;
			files = (
				48D85C771F43575E0026C842 /* madHat.jpeg in Resources */,
			);
			runOnlyForDeploymentPostprocessing = 0;
		};
/* End PBXResourcesBuildPhase section */

/* Begin PBXShellScriptBuildPhase section */
		1ACC9DB8FAF2A71B549B3449 /* [CP] Copy Pods Resources */ = {
			isa = PBXShellScriptBuildPhase;
			buildActionMask = 2147483647;
			files = (
			);
			inputPaths = (
			);
			name = "[CP] Copy Pods Resources";
			outputPaths = (
			);
			runOnlyForDeploymentPostprocessing = 0;
			shellPath = /bin/sh;
			shellScript = "\"${SRCROOT}/Pods/Target Support Files/Pods-MadHat2UITests/Pods-MadHat2UITests-resources.sh\"\n";
			showEnvVarsInLog = 0;
		};
		6D2FC5051EF3963FD7E6FA13 /* [CP] Copy Pods Resources */ = {
			isa = PBXShellScriptBuildPhase;
			buildActionMask = 2147483647;
			files = (
			);
			inputPaths = (
			);
			name = "[CP] Copy Pods Resources";
			outputPaths = (
			);
			runOnlyForDeploymentPostprocessing = 0;
			shellPath = /bin/sh;
			shellScript = "\"${SRCROOT}/Pods/Target Support Files/Pods-MadHat2Tests/Pods-MadHat2Tests-resources.sh\"\n";
			showEnvVarsInLog = 0;
		};
		8FD25845B765858CFD8D98B3 /* [CP] Check Pods Manifest.lock */ = {
			isa = PBXShellScriptBuildPhase;
			buildActionMask = 2147483647;
			files = (
			);
			inputPaths = (
			);
			name = "[CP] Check Pods Manifest.lock";
			outputPaths = (
			);
			runOnlyForDeploymentPostprocessing = 0;
			shellPath = /bin/sh;
			shellScript = "diff \"${PODS_PODFILE_DIR_PATH}/Podfile.lock\" \"${PODS_ROOT}/Manifest.lock\" > /dev/null\nif [ $? != 0 ] ; then\n    # print error to STDERR\n    echo \"error: The sandbox is not in sync with the Podfile.lock. Run 'pod install' or update your CocoaPods installation.\" >&2\n    exit 1\nfi\n";
			showEnvVarsInLog = 0;
		};
		9181CD95BC18A7DD89B29016 /* [CP] Check Pods Manifest.lock */ = {
			isa = PBXShellScriptBuildPhase;
			buildActionMask = 2147483647;
			files = (
			);
			inputPaths = (
			);
			name = "[CP] Check Pods Manifest.lock";
			outputPaths = (
			);
			runOnlyForDeploymentPostprocessing = 0;
			shellPath = /bin/sh;
			shellScript = "diff \"${PODS_PODFILE_DIR_PATH}/Podfile.lock\" \"${PODS_ROOT}/Manifest.lock\" > /dev/null\nif [ $? != 0 ] ; then\n    # print error to STDERR\n    echo \"error: The sandbox is not in sync with the Podfile.lock. Run 'pod install' or update your CocoaPods installation.\" >&2\n    exit 1\nfi\n";
			showEnvVarsInLog = 0;
		};
		AB9D06A66A2981DB3F74A86E /* [CP] Embed Pods Frameworks */ = {
			isa = PBXShellScriptBuildPhase;
			buildActionMask = 2147483647;
			files = (
			);
			inputPaths = (
			);
			name = "[CP] Embed Pods Frameworks";
			outputPaths = (
			);
			runOnlyForDeploymentPostprocessing = 0;
			shellPath = /bin/sh;
			shellScript = "\"${SRCROOT}/Pods/Target Support Files/Pods-MadHat2Tests/Pods-MadHat2Tests-frameworks.sh\"\n";
			showEnvVarsInLog = 0;
		};
		CA4E7A65D102023F30B49473 /* [CP] Embed Pods Frameworks */ = {
			isa = PBXShellScriptBuildPhase;
			buildActionMask = 2147483647;
			files = (
			);
			inputPaths = (
			);
			name = "[CP] Embed Pods Frameworks";
			outputPaths = (
			);
			runOnlyForDeploymentPostprocessing = 0;
			shellPath = /bin/sh;
			shellScript = "\"${SRCROOT}/Pods/Target Support Files/Pods-MadHat2/Pods-MadHat2-frameworks.sh\"\n";
			showEnvVarsInLog = 0;
		};
		E41CFEE1D053C5204EC10721 /* [CP] Embed Pods Frameworks */ = {
			isa = PBXShellScriptBuildPhase;
			buildActionMask = 2147483647;
			files = (
			);
			inputPaths = (
			);
			name = "[CP] Embed Pods Frameworks";
			outputPaths = (
			);
			runOnlyForDeploymentPostprocessing = 0;
			shellPath = /bin/sh;
			shellScript = "\"${SRCROOT}/Pods/Target Support Files/Pods-MadHat2UITests/Pods-MadHat2UITests-frameworks.sh\"\n";
			showEnvVarsInLog = 0;
		};
		E6632DC4BAD822FEDCC4E5B0 /* [CP] Check Pods Manifest.lock */ = {
			isa = PBXShellScriptBuildPhase;
			buildActionMask = 2147483647;
			files = (
			);
			inputPaths = (
			);
			name = "[CP] Check Pods Manifest.lock";
			outputPaths = (
			);
			runOnlyForDeploymentPostprocessing = 0;
			shellPath = /bin/sh;
			shellScript = "diff \"${PODS_PODFILE_DIR_PATH}/Podfile.lock\" \"${PODS_ROOT}/Manifest.lock\" > /dev/null\nif [ $? != 0 ] ; then\n    # print error to STDERR\n    echo \"error: The sandbox is not in sync with the Podfile.lock. Run 'pod install' or update your CocoaPods installation.\" >&2\n    exit 1\nfi\n";
			showEnvVarsInLog = 0;
		};
		E8A7E761B8BA5E79577AFC64 /* [CP] Copy Pods Resources */ = {
			isa = PBXShellScriptBuildPhase;
			buildActionMask = 2147483647;
			files = (
			);
			inputPaths = (
			);
			name = "[CP] Copy Pods Resources";
			outputPaths = (
			);
			runOnlyForDeploymentPostprocessing = 0;
			shellPath = /bin/sh;
			shellScript = "\"${SRCROOT}/Pods/Target Support Files/Pods-MadHat2/Pods-MadHat2-resources.sh\"\n";
			showEnvVarsInLog = 0;
		};
/* End PBXShellScriptBuildPhase section */

/* Begin PBXSourcesBuildPhase section */
		48D85C311F434A390026C842 /* Sources */ = {
			isa = PBXSourcesBuildPhase;
			buildActionMask = 2147483647;
			files = (
				48D85C3B1F434A390026C842 /* ViewController.swift in Sources */,
				48D85C391F434A390026C842 /* AppDelegate.swift in Sources */,
				48D85C691F434A610026C842 /* empty.cpp in Sources */,
			);
			runOnlyForDeploymentPostprocessing = 0;
		};
		48D85C451F434A390026C842 /* Sources */ = {
			isa = PBXSourcesBuildPhase;
			buildActionMask = 2147483647;
			files = (
				48D85C4E1F434A390026C842 /* MadHat2Tests.swift in Sources */,
			);
			runOnlyForDeploymentPostprocessing = 0;
		};
		48D85C501F434A390026C842 /* Sources */ = {
			isa = PBXSourcesBuildPhase;
			buildActionMask = 2147483647;
			files = (
				48D85C591F434A390026C842 /* MadHat2UITests.swift in Sources */,
			);
			runOnlyForDeploymentPostprocessing = 0;
		};
/* End PBXSourcesBuildPhase section */

/* Begin PBXTargetDependency section */
		48D85C4B1F434A390026C842 /* PBXTargetDependency */ = {
			isa = PBXTargetDependency;
			target = 48D85C341F434A390026C842 /* MadHat2 */;
			targetProxy = 48D85C4A1F434A390026C842 /* PBXContainerItemProxy */;
		};
		48D85C561F434A390026C842 /* PBXTargetDependency */ = {
			isa = PBXTargetDependency;
			target = 48D85C341F434A390026C842 /* MadHat2 */;
			targetProxy = 48D85C551F434A390026C842 /* PBXContainerItemProxy */;
		};
/* End PBXTargetDependency section */

/* Begin PBXVariantGroup section */
		48D85C3C1F434A390026C842 /* Main.storyboard */ = {
			isa = PBXVariantGroup;
			children = (
				48D85C3D1F434A390026C842 /* Base */,
			);
			name = Main.storyboard;
			sourceTree = "<group>";
		};
		48D85C411F434A390026C842 /* LaunchScreen.storyboard */ = {
			isa = PBXVariantGroup;
			children = (
				48D85C421F434A390026C842 /* Base */,
			);
			name = LaunchScreen.storyboard;
			sourceTree = "<group>";
		};
/* End PBXVariantGroup section */

/* Begin XCBuildConfiguration section */
		48D85C5B1F434A390026C842 /* Debug */ = {
			isa = XCBuildConfiguration;
			buildSettings = {
				ALWAYS_SEARCH_USER_PATHS = NO;
				CLANG_ANALYZER_NONNULL = YES;
				CLANG_ANALYZER_NUMBER_OBJECT_CONVERSION = YES_AGGRESSIVE;
				CLANG_CXX_LANGUAGE_STANDARD = "gnu++0x";
				CLANG_CXX_LIBRARY = "libc++";
				CLANG_ENABLE_MODULES = YES;
				CLANG_ENABLE_OBJC_ARC = YES;
				CLANG_WARN_BOOL_CONVERSION = YES;
				CLANG_WARN_CONSTANT_CONVERSION = YES;
				CLANG_WARN_DIRECT_OBJC_ISA_USAGE = YES_ERROR;
				CLANG_WARN_DOCUMENTATION_COMMENTS = YES;
				CLANG_WARN_EMPTY_BODY = YES;
				CLANG_WARN_ENUM_CONVERSION = YES;
				CLANG_WARN_INFINITE_RECURSION = YES;
				CLANG_WARN_INT_CONVERSION = YES;
				CLANG_WARN_OBJC_ROOT_CLASS = YES_ERROR;
				CLANG_WARN_SUSPICIOUS_MOVE = YES;
				CLANG_WARN_UNREACHABLE_CODE = YES;
				CLANG_WARN__DUPLICATE_METHOD_MATCH = YES;
				"CODE_SIGN_IDENTITY[sdk=iphoneos*]" = "iPhone Developer";
				COPY_PHASE_STRIP = NO;
				DEBUG_INFORMATION_FORMAT = dwarf;
				ENABLE_STRICT_OBJC_MSGSEND = YES;
				ENABLE_TESTABILITY = YES;
				GCC_C_LANGUAGE_STANDARD = gnu99;
				GCC_DYNAMIC_NO_PIC = NO;
				GCC_NO_COMMON_BLOCKS = YES;
				GCC_OPTIMIZATION_LEVEL = 0;
				GCC_PREPROCESSOR_DEFINITIONS = (
					"DEBUG=1",
					"$(inherited)",
				);
				GCC_WARN_64_TO_32_BIT_CONVERSION = YES;
				GCC_WARN_ABOUT_RETURN_TYPE = YES_ERROR;
				GCC_WARN_UNDECLARED_SELECTOR = YES;
				GCC_WARN_UNINITIALIZED_AUTOS = YES_AGGRESSIVE;
				GCC_WARN_UNUSED_FUNCTION = YES;
				GCC_WARN_UNUSED_VARIABLE = YES;
				IPHONEOS_DEPLOYMENT_TARGET = 10.3;
				MTL_ENABLE_DEBUG_INFO = YES;
				ONLY_ACTIVE_ARCH = YES;
				SDKROOT = iphoneos;
				SWIFT_ACTIVE_COMPILATION_CONDITIONS = DEBUG;
				SWIFT_OPTIMIZATION_LEVEL = "-Onone";
				TARGETED_DEVICE_FAMILY = "1,2";
			};
			name = Debug;
		};
		48D85C5C1F434A390026C842 /* Release */ = {
			isa = XCBuildConfiguration;
			buildSettings = {
				ALWAYS_SEARCH_USER_PATHS = NO;
				CLANG_ANALYZER_NONNULL = YES;
				CLANG_ANALYZER_NUMBER_OBJECT_CONVERSION = YES_AGGRESSIVE;
				CLANG_CXX_LANGUAGE_STANDARD = "gnu++0x";
				CLANG_CXX_LIBRARY = "libc++";
				CLANG_ENABLE_MODULES = YES;
				CLANG_ENABLE_OBJC_ARC = YES;
				CLANG_WARN_BOOL_CONVERSION = YES;
				CLANG_WARN_CONSTANT_CONVERSION = YES;
				CLANG_WARN_DIRECT_OBJC_ISA_USAGE = YES_ERROR;
				CLANG_WARN_DOCUMENTATION_COMMENTS = YES;
				CLANG_WARN_EMPTY_BODY = YES;
				CLANG_WARN_ENUM_CONVERSION = YES;
				CLANG_WARN_INFINITE_RECURSION = YES;
				CLANG_WARN_INT_CONVERSION = YES;
				CLANG_WARN_OBJC_ROOT_CLASS = YES_ERROR;
				CLANG_WARN_SUSPICIOUS_MOVE = YES;
				CLANG_WARN_UNREACHABLE_CODE = YES;
				CLANG_WARN__DUPLICATE_METHOD_MATCH = YES;
				"CODE_SIGN_IDENTITY[sdk=iphoneos*]" = "iPhone Developer";
				COPY_PHASE_STRIP = NO;
				DEBUG_INFORMATION_FORMAT = "dwarf-with-dsym";
				ENABLE_NS_ASSERTIONS = NO;
				ENABLE_STRICT_OBJC_MSGSEND = YES;
				GCC_C_LANGUAGE_STANDARD = gnu99;
				GCC_NO_COMMON_BLOCKS = YES;
				GCC_WARN_64_TO_32_BIT_CONVERSION = YES;
				GCC_WARN_ABOUT_RETURN_TYPE = YES_ERROR;
				GCC_WARN_UNDECLARED_SELECTOR = YES;
				GCC_WARN_UNINITIALIZED_AUTOS = YES_AGGRESSIVE;
				GCC_WARN_UNUSED_FUNCTION = YES;
				GCC_WARN_UNUSED_VARIABLE = YES;
				IPHONEOS_DEPLOYMENT_TARGET = 10.3;
				MTL_ENABLE_DEBUG_INFO = NO;
				SDKROOT = iphoneos;
				SWIFT_OPTIMIZATION_LEVEL = "-Owholemodule";
				TARGETED_DEVICE_FAMILY = "1,2";
				VALIDATE_PRODUCT = YES;
			};
			name = Release;
		};
		48D85C5E1F434A390026C842 /* Debug */ = {
			isa = XCBuildConfiguration;
			baseConfigurationReference = 4502A14A3A9501F4D4862238 /* Pods-MadHat2.debug.xcconfig */;
			buildSettings = {
				ASSETCATALOG_COMPILER_APPICON_NAME = AppIcon;
				CLANG_ENABLE_MODULES = YES;
				DEVELOPMENT_TEAM = V6XE5WXY2U;
				FRAMEWORK_SEARCH_PATHS = (
					"$(inherited)",
					"$(PROJECT_DIR)",
				);
				INFOPLIST_FILE = MadHat2/Info.plist;
				LD_RUNPATH_SEARCH_PATHS = "$(inherited) @executable_path/Frameworks";
				PRODUCT_BUNDLE_IDENTIFIER = com.prashanth;
				PRODUCT_NAME = "$(TARGET_NAME)";
				SWIFT_OBJC_BRIDGING_HEADER = "MadHat2/MadHat2-Bridging-Header.h";
				SWIFT_OPTIMIZATION_LEVEL = "-Onone";
				SWIFT_VERSION = 3.0;
			};
			name = Debug;
		};
		48D85C5F1F434A390026C842 /* Release */ = {
			isa = XCBuildConfiguration;
			baseConfigurationReference = 54F6674063C70A06624DAD89 /* Pods-MadHat2.release.xcconfig */;
			buildSettings = {
				ASSETCATALOG_COMPILER_APPICON_NAME = AppIcon;
				CLANG_ENABLE_MODULES = YES;
				DEVELOPMENT_TEAM = V6XE5WXY2U;
				FRAMEWORK_SEARCH_PATHS = (
					"$(inherited)",
					"$(PROJECT_DIR)",
				);
				INFOPLIST_FILE = MadHat2/Info.plist;
				LD_RUNPATH_SEARCH_PATHS = "$(inherited) @executable_path/Frameworks";
				PRODUCT_BUNDLE_IDENTIFIER = com.prashanth;
				PRODUCT_NAME = "$(TARGET_NAME)";
				SWIFT_OBJC_BRIDGING_HEADER = "MadHat2/MadHat2-Bridging-Header.h";
				SWIFT_VERSION = 3.0;
			};
			name = Release;
		};
		48D85C611F434A390026C842 /* Debug */ = {
			isa = XCBuildConfiguration;
			baseConfigurationReference = 02F38B32F2EE2C9651AA70E8 /* Pods-MadHat2Tests.debug.xcconfig */;
			buildSettings = {
				ALWAYS_EMBED_SWIFT_STANDARD_LIBRARIES = YES;
				BUNDLE_LOADER = "$(TEST_HOST)";
				DEVELOPMENT_TEAM = V6XE5WXY2U;
				FRAMEWORK_SEARCH_PATHS = (
					"$(inherited)",
					"$(PROJECT_DIR)",
				);
				INFOPLIST_FILE = MadHat2Tests/Info.plist;
				LD_RUNPATH_SEARCH_PATHS = "$(inherited) @executable_path/Frameworks @loader_path/Frameworks";
				PRODUCT_BUNDLE_IDENTIFIER = com.prashanth.MadHat2Tests;
				PRODUCT_NAME = "$(TARGET_NAME)";
				SWIFT_VERSION = 3.0;
				TEST_HOST = "$(BUILT_PRODUCTS_DIR)/MadHat2.app/MadHat2";
			};
			name = Debug;
		};
		48D85C621F434A390026C842 /* Release */ = {
			isa = XCBuildConfiguration;
			baseConfigurationReference = F1F286EB4257E21B56A4DE3D /* Pods-MadHat2Tests.release.xcconfig */;
			buildSettings = {
				ALWAYS_EMBED_SWIFT_STANDARD_LIBRARIES = YES;
				BUNDLE_LOADER = "$(TEST_HOST)";
				DEVELOPMENT_TEAM = V6XE5WXY2U;
				FRAMEWORK_SEARCH_PATHS = (
					"$(inherited)",
					"$(PROJECT_DIR)",
				);
				INFOPLIST_FILE = MadHat2Tests/Info.plist;
				LD_RUNPATH_SEARCH_PATHS = "$(inherited) @executable_path/Frameworks @loader_path/Frameworks";
				PRODUCT_BUNDLE_IDENTIFIER = com.prashanth.MadHat2Tests;
				PRODUCT_NAME = "$(TARGET_NAME)";
				SWIFT_VERSION = 3.0;
				TEST_HOST = "$(BUILT_PRODUCTS_DIR)/MadHat2.app/MadHat2";
			};
			name = Release;
		};
		48D85C641F434A390026C842 /* Debug */ = {
			isa = XCBuildConfiguration;
			baseConfigurationReference = 1F2AC33F7F342FB429E1E3D8 /* Pods-MadHat2UITests.debug.xcconfig */;
			buildSettings = {
				ALWAYS_EMBED_SWIFT_STANDARD_LIBRARIES = YES;
				DEVELOPMENT_TEAM = V6XE5WXY2U;
				FRAMEWORK_SEARCH_PATHS = (
					"$(inherited)",
					"$(PROJECT_DIR)",
				);
				INFOPLIST_FILE = MadHat2UITests/Info.plist;
				LD_RUNPATH_SEARCH_PATHS = "$(inherited) @executable_path/Frameworks @loader_path/Frameworks";
				PRODUCT_BUNDLE_IDENTIFIER = com.prashanth.MadHat2UITests;
				PRODUCT_NAME = "$(TARGET_NAME)";
				SWIFT_VERSION = 3.0;
				TEST_TARGET_NAME = MadHat2;
			};
			name = Debug;
		};
		48D85C651F434A390026C842 /* Release */ = {
			isa = XCBuildConfiguration;
			baseConfigurationReference = C97603838C5C8733DA3B1FE1 /* Pods-MadHat2UITests.release.xcconfig */;
			buildSettings = {
				ALWAYS_EMBED_SWIFT_STANDARD_LIBRARIES = YES;
				DEVELOPMENT_TEAM = V6XE5WXY2U;
				FRAMEWORK_SEARCH_PATHS = (
					"$(inherited)",
					"$(PROJECT_DIR)",
				);
				INFOPLIST_FILE = MadHat2UITests/Info.plist;
				LD_RUNPATH_SEARCH_PATHS = "$(inherited) @executable_path/Frameworks @loader_path/Frameworks";
				PRODUCT_BUNDLE_IDENTIFIER = com.prashanth.MadHat2UITests;
				PRODUCT_NAME = "$(TARGET_NAME)";
				SWIFT_VERSION = 3.0;
				TEST_TARGET_NAME = MadHat2;
			};
			name = Release;
		};
/* End XCBuildConfiguration section */

/* Begin XCConfigurationList section */
		48D85C301F434A390026C842 /* Build configuration list for PBXProject "MadHat2" */ = {
			isa = XCConfigurationList;
			buildConfigurations = (
				48D85C5B1F434A390026C842 /* Debug */,
				48D85C5C1F434A390026C842 /* Release */,
			);
			defaultConfigurationIsVisible = 0;
			defaultConfigurationName = Release;
		};
		48D85C5D1F434A390026C842 /* Build configuration list for PBXNativeTarget "MadHat2" */ = {
			isa = XCConfigurationList;
			buildConfigurations = (
				48D85C5E1F434A390026C842 /* Debug */,
				48D85C5F1F434A390026C842 /* Release */,
			);
			defaultConfigurationIsVisible = 0;
			defaultConfigurationName = Release;
		};
		48D85C601F434A390026C842 /* Build configuration list for PBXNativeTarget "MadHat2Tests" */ = {
			isa = XCConfigurationList;
			buildConfigurations = (
				48D85C611F434A390026C842 /* Debug */,
				48D85C621F434A390026C842 /* Release */,
			);
			defaultConfigurationIsVisible = 0;
			defaultConfigurationName = Release;
		};
		48D85C631F434A390026C842 /* Build configuration list for PBXNativeTarget "MadHat2UITests" */ = {
			isa = XCConfigurationList;
			buildConfigurations = (
				48D85C641F434A390026C842 /* Debug */,
				48D85C651F434A390026C842 /* Release */,
			);
			defaultConfigurationIsVisible = 0;
			defaultConfigurationName = Release;
		};
/* End XCConfigurationList section */
	};
	rootObject = 48D85C2D1F434A390026C842 /* Project object */;
}
